<Solution>
  <Folder Name="/Solution Items/" />
  <Project Path="ConditionalStatements/ConditionalStatements.csproj" Id="0f2ce4c6-b337-4f1e-9233-10939ecedd83" />
  <Project Path="DotNet11AMBatchConsoleApp/DotNet11AMBatchConsoleApp.csproj" Id="b441d71c-a9a5-4a1f-8262-493dda5888b2" />
  <Project Path="LoopsProject/LoopsProject.csproj" Id="b4137f25-fc7e-4de0-8902-069692a44e55" />
</Solution>
