<Solution>
  <Folder Name="/Solution Items/" />
  <Project Path="ConditionalStatements/ConditionalStatements.csproj" Id="0f2ce4c6-b337-4f1e-9233-10939ecedd83" />
  <Project Path="ConsoleApp1/ConsoleApp1.csproj" Id="11938f91-4f81-4ca8-bded-60f5a27fd0fa" />
  <Project Path="ConsoleAppArrays/ConsoleAppArrays.csproj" Id="c02ded17-e58f-47a0-a382-7f0a6bbb9033" />
  <Project Path="DotNet11AMBatchConsoleApp/DotNet11AMBatchConsoleApp.csproj" Id="b441d71c-a9a5-4a1f-8262-493dda5888b2" />
  <Project Path="Inheritance/Inheritance.csproj" Id="93bd3610-044c-43a2-aa66-87857f2bf1f1" />
  <Project Path="LoopsProject/LoopsProject.csproj" Id="b4137f25-fc7e-4de0-8902-069692a44e55" />
  <Project Path="Methods/Methods.csproj" Id="00f276e1-cff8-4e39-b13a-7e2230bc9796" />
  <Project Path="OOPSConsoleApp/OOPSConsoleApp.csproj" Id="d0ee80ff-8cd9-4f29-b5ff-bcf18241a5d8" />
  <Project Path="Polymorphism/Polymorphism.csproj" Id="b37bcadf-eca1-4801-b556-05fe22e342d7" />
  <Project Path="UserDefinedMethods/UserDefinedMethods.csproj" Id="34454861-8c35-42c7-9d38-e19a6cbf6552" />
</Solution>
